
Microsoft Visual Studio Solution File, Format Version 12.00
# Visual Studio Version 17
VisualStudioVersion = 17.9.34714.143
MinimumVisualStudioVersion = 10.0.40219.1
Project("{F184B08F-C81C-45F6-A57F-5ABD9991F28F}") = "Praktikum5", "Praktikum5\Praktikum5.vbproj", "{56284746-A3C9-46EF-A56A-BA40CA059085}"
EndProject
Global
	GlobalSection(SolutionConfigurationPlatforms) = preSolution
		Debug|Any CPU = Debug|Any CPU
		Release|Any CPU = Release|Any CPU
	EndGlobalSection
	GlobalSection(ProjectConfigurationPlatforms) = postSolution
		{56284746-A3C9-46EF-A56A-BA40CA059085}.Debug|Any CPU.ActiveCfg = Debug|Any CPU
		{56284746-A3C9-46EF-A56A-BA40CA059085}.Debug|Any CPU.Build.0 = Debug|Any CPU
		{56284746-A3C9-46EF-A56A-BA40CA059085}.Release|Any CPU.ActiveCfg = Release|Any CPU
		{56284746-A3C9-46EF-A56A-BA40CA059085}.Release|Any CPU.Build.0 = Release|Any CPU
	EndGlobalSection
	GlobalSection(SolutionProperties) = preSolution
		HideSolutionNode = FALSE
	EndGlobalSection
	GlobalSection(ExtensibilityGlobals) = postSolution
		SolutionGuid = {3A08CE0C-E1FD-4F4C-91CE-357D21C1E3A8}
	EndGlobalSection
EndGlobal
